Microsoft Visual Studio Solution File, Format Version 12.00
# Visual Studio Version 17
VisualStudioVersion = 17.5.2.0
MinimumVisualStudioVersion = 10.0.40219.1
Project("{2150E333-8FDC-42A3-9474-1A3956D46DE8}") = "Projects", "Projects", "{17245595-230B-9055-A944-863F0DDDA8E8}"
EndProject
Project("{FAE04EC0-301F-11D3-BF4B-00C04F79EFBC}") = "VehicleRental", "Projects\VehicleRental\VehicleRental.csproj", "{BBD02389-3128-8CCC-20A0-0DC50F2F3BF9}"
EndProject
Global
	GlobalSection(SolutionConfigurationPlatforms) = preSolution
		Debug|Any CPU = Debug|Any CPU
		Release|Any CPU = Release|Any CPU
	EndGlobalSection
	GlobalSection(ProjectConfigurationPlatforms) = postSolution
		{BBD02389-3128-8CCC-20A0-0DC50F2F3BF9}.Debug|Any CPU.ActiveCfg = Debug|Any CPU
		{BBD02389-3128-8CCC-20A0-0DC50F2F3BF9}.Debug|Any CPU.Build.0 = Debug|Any CPU
		{BBD02389-3128-8CCC-20A0-0DC50F2F3BF9}.Release|Any CPU.ActiveCfg = Release|Any CPU
		{BBD02389-3128-8CCC-20A0-0DC50F2F3BF9}.Release|Any CPU.Build.0 = Release|Any CPU
	EndGlobalSection
	GlobalSection(SolutionProperties) = preSolution
		HideSolutionNode = FALSE
	EndGlobalSection
	GlobalSection(NestedProjects) = preSolution
		{BBD02389-3128-8CCC-20A0-0DC50F2F3BF9} = {17245595-230B-9055-A944-863F0DDDA8E8}
	EndGlobalSection
	GlobalSection(ExtensibilityGlobals) = postSolution
		SolutionGuid = {82F3EFA1-B94D-4A42-A332-8B6E4CB38538}
	EndGlobalSection
EndGlobal
